{
  "nodes": {
    "network-realization-schema": {
      "inputs": {
        "nixpkgs": [
          "nixpkgs"
        ]
      },
      "locked": {
        "lastModified": 1784566421,
        "narHash": "sha256-BVdjB5L8joGFywcsX1f71XbtkeJCVpP8/dgPUiR7cPI=",
        "owner": "esp0xdeadbeef",
        "repo": "network-realization-schema",
        "rev": "8b80339aa1344e1ad178045635bac45fbf36191d",
        "type": "github"
      },
      "original": {
        "owner": "esp0xdeadbeef",
        "repo": "network-realization-schema",
        "rev": "8b80339aa1344e1ad178045635bac45fbf36191d",
        "type": "github"
      }
    },
    "nixpkgs": {
      "locked": {
        "lastModified": 1784497964,
        "narHash": "sha256-vlHUuqAcbcH2RKmHbPiuQzbv1pnzzavXnI62RD0bqCU=",
        "owner": "NixOS",
        "repo": "nixpkgs",
        "rev": "241313f4e8e508cb9b13278c2b0fa25b9ca27163",
        "type": "github"
      },
      "original": {
        "owner": "NixOS",
        "ref": "nixos-unstable",
        "repo": "nixpkgs",
        "type": "github"
      }
    },
    "root": {
      "inputs": {
        "network-realization-schema": "network-realization-schema",
        "nixpkgs": "nixpkgs"
      }
    }
  },
  "root": "root",
  "version": 7
}
